// !$*UTF8*$!
{
	archiveVersion = 1;
	classes = {
	};
	objectVersion = 77;
	objects = {

/* Begin PBXBuildFile section */
		14861BE24E8CD41866E4423F /* CYSApp.swift in Sources */ = {isa = PBXBuildFile; fileRef = D81891C89EE9C8E98A218319 /* CYSApp.swift */; };
		177DCF1D6250AF804962C87E /* BitePacerView.swift in Sources */ = {isa = PBXBuildFile; fileRef = 6848E3ABF2142727B13C8B16 /* BitePacerView.swift */; };
		506F75FC0D1915C418830D7B /* CountStore.swift in Sources */ = {isa = PBXBuildFile; fileRef = 298B263977474FD2BAF2371B /* CountStore.swift */; };
		69CF5411EEEA7B92CDC20E56 /* ChewDetector.swift in Sources */ = {isa = PBXBuildFile; fileRef = 5A0FAC7C7EF90B7C763DDA09 /* ChewDetector.swift */; };
		7E117745A55D3D0DDABD6BD3 /* PaywallView.swift in Sources */ = {isa = PBXBuildFile; fileRef = 3FD2339A63C90A5A67C9EF8E /* PaywallView.swift */; };
		D1357561AFA78C6FAE4653DA /* ChewLabView.swift in Sources */ = {isa = PBXBuildFile; fileRef = 7EBB737822DCA5E07A65FFC3 /* ChewLabView.swift */; };
		DB4FA7BFAC25260DDF5E408A /* MorningModeView.swift in Sources */ = {isa = PBXBuildFile; fileRef = FBDE20D0CB7A7F6989334AB7 /* MorningModeView.swift */; };
		E08DEBCCE5428B756F574B14 /* HomeView.swift in Sources */ = {isa = PBXBuildFile; fileRef = 1E844A82B97BD06802C7EB66 /* HomeView.swift */; };
		E215B0C3207660324D4001E2 /* ProStore.swift in Sources */ = {isa = PBXBuildFile; fileRef = 85D9764FBDFB69D515537547 /* ProStore.swift */; };
/* End PBXBuildFile section */

/* Begin PBXFileReference section */
		1E844A82B97BD06802C7EB66 /* HomeView.swift */ = {isa = PBXFileReference; lastKnownFileType = sourcecode.swift; path = HomeView.swift; sourceTree = "<group>"; };
		298B263977474FD2BAF2371B /* CountStore.swift */ = {isa = PBXFileReference; lastKnownFileType = sourcecode.swift; path = CountStore.swift; sourceTree = "<group>"; };
		34BEE83876151CF59722280F /* Info.plist */ = {isa = PBXFileReference; lastKnownFileType = text.plist; path = Info.plist; sourceTree = "<group>"; };
		3FD2339A63C90A5A67C9EF8E /* PaywallView.swift */ = {isa = PBXFileReference; lastKnownFileType = sourcecode.swift; path = PaywallView.swift; sourceTree = "<group>"; };
		5A0FAC7C7EF90B7C763DDA09 /* ChewDetector.swift */ = {isa = PBXFileReference; lastKnownFileType = sourcecode.swift; path = ChewDetector.swift; sourceTree = "<group>"; };
		6848E3ABF2142727B13C8B16 /* BitePacerView.swift */ = {isa = PBXFileReference; lastKnownFileType = sourcecode.swift; path = BitePacerView.swift; sourceTree = "<group>"; };
		7BEFE6C14CAF26B9CD8DBE23 /* CountYourselfSkinny.entitlements */ = {isa = PBXFileReference; lastKnownFileType = text.plist.entitlements; path = CountYourselfSkinny.entitlements; sourceTree = "<group>"; };
		7EBB737822DCA5E07A65FFC3 /* ChewLabView.swift */ = {isa = PBXFileReference; lastKnownFileType = sourcecode.swift; path = ChewLabView.swift; sourceTree = "<group>"; };
		85D9764FBDFB69D515537547 /* ProStore.swift */ = {isa = PBXFileReference; lastKnownFileType = sourcecode.swift; path = ProStore.swift; sourceTree = "<group>"; };
		8BF25C83EA8D67E7D7F4B3F5 /* CountYourselfSkinny.app */ = {isa = PBXFileReference; includeInIndex = 0; lastKnownFileType = wrapper.application; path = CountYourselfSkinny.app; sourceTree = BUILT_PRODUCTS_DIR; };
		D81891C89EE9C8E98A218319 /* CYSApp.swift */ = {isa = PBXFileReference; lastKnownFileType = sourcecode.swift; path = CYSApp.swift; sourceTree = "<group>"; };
		FBDE20D0CB7A7F6989334AB7 /* MorningModeView.swift */ = {isa = PBXFileReference; lastKnownFileType = sourcecode.swift; path = MorningModeView.swift; sourceTree = "<group>"; };
/* End PBXFileReference section */

/* Begin PBXGroup section */
		0955422BF702CEEDC54AF61D /* Views */ = {
			isa = PBXGroup;
			children = (
				6848E3ABF2142727B13C8B16 /* BitePacerView.swift */,
				7EBB737822DCA5E07A65FFC3 /* ChewLabView.swift */,
				1E844A82B97BD06802C7EB66 /* HomeView.swift */,
				FBDE20D0CB7A7F6989334AB7 /* MorningModeView.swift */,
				3FD2339A63C90A5A67C9EF8E /* PaywallView.swift */,
			);
			path = Views;
			sourceTree = "<group>";
		};
		551179443066B70E34CBECBF /* Store */ = {
			isa = PBXGroup;
			children = (
				85D9764FBDFB69D515537547 /* ProStore.swift */,
			);
			path = Store;
			sourceTree = "<group>";
		};
		5F3EE2A2EF5521D68416E291 /* Products */ = {
			isa = PBXGroup;
			children = (
				8BF25C83EA8D67E7D7F4B3F5 /* CountYourselfSkinny.app */,
			);
			name = Products;
			sourceTree = "<group>";
		};
		6FA93258C4BAE2ADCFF60772 = {
			isa = PBXGroup;
			children = (
				C7424D035AB3B6E4C0601CAA /* Sources */,
				5F3EE2A2EF5521D68416E291 /* Products */,
			);
			sourceTree = "<group>";
		};
		742E469DEC019101E80A80DE /* Motion */ = {
			isa = PBXGroup;
			children = (
				5A0FAC7C7EF90B7C763DDA09 /* ChewDetector.swift */,
			);
			path = Motion;
			sourceTree = "<group>";
		};
		87B530CF3B3100425B7B4107 /* Models */ = {
			isa = PBXGroup;
			children = (
				298B263977474FD2BAF2371B /* CountStore.swift */,
			);
			path = Models;
			sourceTree = "<group>";
		};
		C7424D035AB3B6E4C0601CAA /* Sources */ = {
			isa = PBXGroup;
			children = (
				7BEFE6C14CAF26B9CD8DBE23 /* CountYourselfSkinny.entitlements */,
				D81891C89EE9C8E98A218319 /* CYSApp.swift */,
				34BEE83876151CF59722280F /* Info.plist */,
				87B530CF3B3100425B7B4107 /* Models */,
				742E469DEC019101E80A80DE /* Motion */,
				551179443066B70E34CBECBF /* Store */,
				0955422BF702CEEDC54AF61D /* Views */,
			);
			path = Sources;
			sourceTree = "<group>";
		};
/* End PBXGroup section */

/* Begin PBXNativeTarget section */
		7033B3FB3213743035BA2BF4 /* CountYourselfSkinny */ = {
			isa = PBXNativeTarget;
			buildConfigurationList = 881EC3D6D84EA880582A0B22 /* Build configuration list for PBXNativeTarget "CountYourselfSkinny" */;
			buildPhases = (
				B763A9287D4686E28B0E7672 /* Sources */,
			);
			buildRules = (
			);
			dependencies = (
			);
			name = CountYourselfSkinny;
			packageProductDependencies = (
			);
			productName = CountYourselfSkinny;
			productReference = 8BF25C83EA8D67E7D7F4B3F5 /* CountYourselfSkinny.app */;
			productType = "com.apple.product-type.application";
		};
/* End PBXNativeTarget section */

/* Begin PBXProject section */
		429DE1473203212C6A95609B /* Project object */ = {
			isa = PBXProject;
			attributes = {
				BuildIndependentTargetsInParallel = YES;
				LastUpgradeCheck = 1430;
				TargetAttributes = {
					7033B3FB3213743035BA2BF4 = {
						DevelopmentTeam = "";
						ProvisioningStyle = Automatic;
					};
				};
			};
			buildConfigurationList = 4AF5CBB3E05F4E14816948EA /* Build configuration list for PBXProject "CountYourselfSkinny" */;
			developmentRegion = en;
			hasScannedForEncodings = 0;
			knownRegions = (
				Base,
				en,
			);
			mainGroup = 6FA93258C4BAE2ADCFF60772;
			minimizedProjectReferenceProxies = 1;
			preferredProjectObjectVersion = 77;
			productRefGroup = 5F3EE2A2EF5521D68416E291 /* Products */;
			projectDirPath = "";
			projectRoot = "";
			targets = (
				7033B3FB3213743035BA2BF4 /* CountYourselfSkinny */,
			);
		};
/* End PBXProject section */

/* Begin PBXSourcesBuildPhase section */
		B763A9287D4686E28B0E7672 /* Sources */ = {
			isa = PBXSourcesBuildPhase;
			buildActionMask = 2147483647;
			files = (
				177DCF1D6250AF804962C87E /* BitePacerView.swift in Sources */,
				14861BE24E8CD41866E4423F /* CYSApp.swift in Sources */,
				69CF5411EEEA7B92CDC20E56 /* ChewDetector.swift in Sources */,
				D1357561AFA78C6FAE4653DA /* ChewLabView.swift in Sources */,
				506F75FC0D1915C418830D7B /* CountStore.swift in Sources */,
				E08DEBCCE5428B756F574B14 /* HomeView.swift in Sources */,
				DB4FA7BFAC25260DDF5E408A /* MorningModeView.swift in Sources */,
				7E117745A55D3D0DDABD6BD3 /* PaywallView.swift in Sources */,
				E215B0C3207660324D4001E2 /* ProStore.swift in Sources */,
			);
			runOnlyForDeploymentPostprocessing = 0;
		};
/* End PBXSourcesBuildPhase section */

/* Begin XCBuildConfiguration section */
		1CD5711F92BAED537C024504 /* Debug */ = {
			isa = XCBuildConfiguration;
			buildSettings = {
				ASSETCATALOG_COMPILER_APPICON_NAME = AppIcon;
				CODE_SIGN_ENTITLEMENTS = Sources/CountYourselfSkinny.entitlements;
				CODE_SIGN_IDENTITY = "iPhone Developer";
				CODE_SIGN_STYLE = Automatic;
				CURRENT_PROJECT_VERSION = 1;
				DEVELOPMENT_TEAM = "";
				INFOPLIST_FILE = Sources/Info.plist;
				LD_RUNPATH_SEARCH_PATHS = (
					"$(inherited)",
					"@executable_path/Frameworks",
				);
				MARKETING_VERSION = 0.1.0;
				PRODUCT_BUNDLE_IDENTIFIER = com.my4mlife.countyourselfskinny;
				SDKROOT = iphoneos;
				TARGETED_DEVICE_FAMILY = "1,2";
			};
			name = Debug;
		};
		8A2E4607D36245F88C02D755 /* Release */ = {
			isa = XCBuildConfiguration;
			buildSettings = {
				ALWAYS_SEARCH_USER_PATHS = NO;
				CLANG_ANALYZER_NONNULL = YES;
				CLANG_ANALYZER_NUMBER_OBJECT_CONVERSION = YES_AGGRESSIVE;
				CLANG_CXX_LANGUAGE_STANDARD = "gnu++14";
				CLANG_CXX_LIBRARY = "libc++";
				CLANG_ENABLE_MODULES = YES;
				CLANG_ENABLE_OBJC_ARC = YES;
				CLANG_ENABLE_OBJC_WEAK = YES;
				CLANG_WARN_BLOCK_CAPTURE_AUTORELEASING = YES;
				CLANG_WARN_BOOL_CONVERSION = YES;
				CLANG_WARN_COMMA = YES;
				CLANG_WARN_CONSTANT_CONVERSION = YES;
				CLANG_WARN_DEPRECATED_OBJC_IMPLEMENTATIONS = YES;
				CLANG_WARN_DIRECT_OBJC_ISA_USAGE = YES_ERROR;
				CLANG_WARN_DOCUMENTATION_COMMENTS = YES;
				CLANG_WARN_EMPTY_BODY = YES;
				CLANG_WARN_ENUM_CONVERSION = YES;
				CLANG_WARN_INFINITE_RECURSION = YES;
				CLANG_WARN_INT_CONVERSION = YES;
				CLANG_WARN_NON_LITERAL_NULL_CONVERSION = YES;
				CLANG_WARN_OBJC_IMPLICIT_RETAIN_SELF = YES;
				CLANG_WARN_OBJC_LITERAL_CONVERSION = YES;
				CLANG_WARN_OBJC_ROOT_CLASS = YES_ERROR;
				CLANG_WARN_QUOTED_INCLUDE_IN_FRAMEWORK_HEADER = YES;
				CLANG_WARN_RANGE_LOOP_ANALYSIS = YES;
				CLANG_WARN_STRICT_PROTOTYPES = YES;
				CLANG_WARN_SUSPICIOUS_MOVE = YES;
				CLANG_WARN_UNGUARDED_AVAILABILITY = YES_AGGRESSIVE;
				CLANG_WARN_UNREACHABLE_CODE = YES;
				CLANG_WARN__DUPLICATE_METHOD_MATCH = YES;
				COPY_PHASE_STRIP = NO;
				DEBUG_INFORMATION_FORMAT = "dwarf-with-dsym";
				ENABLE_NS_ASSERTIONS = NO;
				ENABLE_STRICT_OBJC_MSGSEND = YES;
				GCC_C_LANGUAGE_STANDARD = gnu11;
				GCC_NO_COMMON_BLOCKS = YES;
				GCC_WARN_64_TO_32_BIT_CONVERSION = YES;
				GCC_WARN_ABOUT_RETURN_TYPE = YES_ERROR;
				GCC_WARN_UNDECLARED_SELECTOR = YES;
				GCC_WARN_UNINITIALIZED_AUTOS = YES_AGGRESSIVE;
				GCC_WARN_UNUSED_FUNCTION = YES;
				GCC_WARN_UNUSED_VARIABLE = YES;
				IPHONEOS_DEPLOYMENT_TARGET = 17.0;
				MTL_ENABLE_DEBUG_INFO = NO;
				MTL_FAST_MATH = YES;
				PRODUCT_NAME = "$(TARGET_NAME)";
				SDKROOT = iphoneos;
				SWIFT_COMPILATION_MODE = wholemodule;
				SWIFT_OPTIMIZATION_LEVEL = "-O";
				SWIFT_VERSION = 5.0;
			};
			name = Release;
		};
		AF8FBB6CD1B4DF9E50FCC82E /* Release */ = {
			isa = XCBuildConfiguration;
			buildSettings = {
				ASSETCATALOG_COMPILER_APPICON_NAME = AppIcon;
				CODE_SIGN_ENTITLEMENTS = Sources/CountYourselfSkinny.entitlements;
				CODE_SIGN_IDENTITY = "iPhone Developer";
				CODE_SIGN_STYLE = Automatic;
				CURRENT_PROJECT_VERSION = 1;
				DEVELOPMENT_TEAM = "";
				INFOPLIST_FILE = Sources/Info.plist;
				LD_RUNPATH_SEARCH_PATHS = (
					"$(inherited)",
					"@executable_path/Frameworks",
				);
				MARKETING_VERSION = 0.1.0;
				PRODUCT_BUNDLE_IDENTIFIER = com.my4mlife.countyourselfskinny;
				SDKROOT = iphoneos;
				TARGETED_DEVICE_FAMILY = "1,2";
			};
			name = Release;
		};
		BD0E683E864B0E7A3E42A5F2 /* Debug */ = {
			isa = XCBuildConfiguration;
			buildSettings = {
				ALWAYS_SEARCH_USER_PATHS = NO;
				CLANG_ANALYZER_NONNULL = YES;
				CLANG_ANALYZER_NUMBER_OBJECT_CONVERSION = YES_AGGRESSIVE;
				CLANG_CXX_LANGUAGE_STANDARD = "gnu++14";
				CLANG_CXX_LIBRARY = "libc++";
				CLANG_ENABLE_MODULES = YES;
				CLANG_ENABLE_OBJC_ARC = YES;
				CLANG_ENABLE_OBJC_WEAK = YES;
				CLANG_WARN_BLOCK_CAPTURE_AUTORELEASING = YES;
				CLANG_WARN_BOOL_CONVERSION = YES;
				CLANG_WARN_COMMA = YES;
				CLANG_WARN_CONSTANT_CONVERSION = YES;
				CLANG_WARN_DEPRECATED_OBJC_IMPLEMENTATIONS = YES;
				CLANG_WARN_DIRECT_OBJC_ISA_USAGE = YES_ERROR;
				CLANG_WARN_DOCUMENTATION_COMMENTS = YES;
				CLANG_WARN_EMPTY_BODY = YES;
				CLANG_WARN_ENUM_CONVERSION = YES;
				CLANG_WARN_INFINITE_RECURSION = YES;
				CLANG_WARN_INT_CONVERSION = YES;
				CLANG_WARN_NON_LITERAL_NULL_CONVERSION = YES;
				CLANG_WARN_OBJC_IMPLICIT_RETAIN_SELF = YES;
				CLANG_WARN_OBJC_LITERAL_CONVERSION = YES;
				CLANG_WARN_OBJC_ROOT_CLASS = YES_ERROR;
				CLANG_WARN_QUOTED_INCLUDE_IN_FRAMEWORK_HEADER = YES;
				CLANG_WARN_RANGE_LOOP_ANALYSIS = YES;
				CLANG_WARN_STRICT_PROTOTYPES = YES;
				CLANG_WARN_SUSPICIOUS_MOVE = YES;
				CLANG_WARN_UNGUARDED_AVAILABILITY = YES_AGGRESSIVE;
				CLANG_WARN_UNREACHABLE_CODE = YES;
				CLANG_WARN__DUPLICATE_METHOD_MATCH = YES;
				COPY_PHASE_STRIP = NO;
				DEBUG_INFORMATION_FORMAT = dwarf;
				ENABLE_STRICT_OBJC_MSGSEND = YES;
				ENABLE_TESTABILITY = YES;
				GCC_C_LANGUAGE_STANDARD = gnu11;
				GCC_DYNAMIC_NO_PIC = NO;
				GCC_NO_COMMON_BLOCKS = YES;
				GCC_OPTIMIZATION_LEVEL = 0;
				GCC_PREPROCESSOR_DEFINITIONS = (
					"$(inherited)",
					"DEBUG=1",
				);
				GCC_WARN_64_TO_32_BIT_CONVERSION = YES;
				GCC_WARN_ABOUT_RETURN_TYPE = YES_ERROR;
				GCC_WARN_UNDECLARED_SELECTOR = YES;
				GCC_WARN_UNINITIALIZED_AUTOS = YES_AGGRESSIVE;
				GCC_WARN_UNUSED_FUNCTION = YES;
				GCC_WARN_UNUSED_VARIABLE = YES;
				IPHONEOS_DEPLOYMENT_TARGET = 17.0;
				MTL_ENABLE_DEBUG_INFO = INCLUDE_SOURCE;
				MTL_FAST_MATH = YES;
				ONLY_ACTIVE_ARCH = YES;
				PRODUCT_NAME = "$(TARGET_NAME)";
				SDKROOT = iphoneos;
				SWIFT_ACTIVE_COMPILATION_CONDITIONS = DEBUG;
				SWIFT_OPTIMIZATION_LEVEL = "-Onone";
				SWIFT_VERSION = 5.0;
			};
			name = Debug;
		};
/* End XCBuildConfiguration section */

/* Begin XCConfigurationList section */
		4AF5CBB3E05F4E14816948EA /* Build configuration list for PBXProject "CountYourselfSkinny" */ = {
			isa = XCConfigurationList;
			buildConfigurations = (
				BD0E683E864B0E7A3E42A5F2 /* Debug */,
				8A2E4607D36245F88C02D755 /* Release */,
			);
			defaultConfigurationIsVisible = 0;
			defaultConfigurationName = Debug;
		};
		881EC3D6D84EA880582A0B22 /* Build configuration list for PBXNativeTarget "CountYourselfSkinny" */ = {
			isa = XCConfigurationList;
			buildConfigurations = (
				1CD5711F92BAED537C024504 /* Debug */,
				AF8FBB6CD1B4DF9E50FCC82E /* Release */,
			);
			defaultConfigurationIsVisible = 0;
			defaultConfigurationName = Debug;
		};
/* End XCConfigurationList section */
	};
	rootObject = 429DE1473203212C6A95609B /* Project object */;
}
